// !$*UTF8*$!
{
	archiveVersion = 1;
	classes = {
	};
	objectVersion = 46;
	objects = {

/* Begin PBXBuildFile section */
		FDA4BCE0172A165200BAAB26 /* UIKit.framework in Frameworks */ = {isa = PBXBuildFile; fileRef = FDA4BCDF172A165200BAAB26 /* UIKit.framework */; };
		FDA4BCE2172A165200BAAB26 /* Foundation.framework in Frameworks */ = {isa = PBXBuildFile; fileRef = FDA4BCE1172A165200BAAB26 /* Foundation.framework */; };
		FDA4BCE4172A165200BAAB26 /* CoreGraphics.framework in Frameworks */ = {isa = PBXBuildFile; fileRef = FDA4BCE3172A165200BAAB26 /* CoreGraphics.framework */; };
		FDA4BCEA172A165200BAAB26 /* InfoPlist.strings in Resources */ = {isa = PBXBuildFile; fileRef = FDA4BCE8172A165200BAAB26 /* InfoPlist.strings */; };
		FDA4BCEC172A165200BAAB26 /* main.m in Sources */ = {isa = PBXBuildFile; fileRef = FDA4BCEB172A165200BAAB26 /* main.m */; };
		FDA4BCF0172A165200BAAB26 /* AppDelegate.m in Sources */ = {isa = PBXBuildFile; fileRef = FDA4BCEF172A165200BAAB26 /* AppDelegate.m */; };
		FDA4BCF2172A165200BAAB26 /* Default.png in Resources */ = {isa = PBXBuildFile; fileRef = FDA4BCF1172A165200BAAB26 /* Default.png */; };
		FDA4BCF4172A165200BAAB26 /* Default@2x.png in Resources */ = {isa = PBXBuildFile; fileRef = FDA4BCF3172A165200BAAB26 /* Default@2x.png */; };
		FDA4BCF6172A165200BAAB26 /* Default-568h@2x.png in Resources */ = {isa = PBXBuildFile; fileRef = FDA4BCF5172A165200BAAB26 /* Default-568h@2x.png */; };
		FDA4BCF9172A165200BAAB26 /* MainStoryboard.storyboard in Resources */ = {isa = PBXBuildFile; fileRef = FDA4BCF7172A165200BAAB26 /* MainStoryboard.storyboard */; };
		FDD23C61172A191E00833E28 /* ScheduleTermsTableViewController.m in Sources */ = {isa = PBXBuildFile; fileRef = FDD23C60172A191E00833E28 /* ScheduleTermsTableViewController.m */; };
		FDD23C64172A19FA00833E28 /* ScheduleTerm.m in Sources */ = {isa = PBXBuildFile; fileRef = FDD23C63172A19FA00833E28 /* ScheduleTerm.m */; };
		FDD23C67172A1BAD00833E28 /* ScheduleTermTableViewCell.m in Sources */ = {isa = PBXBuildFile; fileRef = FDD23C66172A1BAD00833E28 /* ScheduleTermTableViewCell.m */; };
		FDD23C6A172A1FE300833E28 /* NetworkActivityTracker.m in Sources */ = {isa = PBXBuildFile; fileRef = FDD23C69172A1FE300833E28 /* NetworkActivityTracker.m */; };
/* End PBXBuildFile section */

/* Begin PBXFileReference section */
		FDA4BCDC172A165200BAAB26 /* ClassSchedule.app */ = {isa = PBXFileReference; explicitFileType = wrapper.application; includeInIndex = 0; path = ClassSchedule.app; sourceTree = BUILT_PRODUCTS_DIR; };
		FDA4BCDF172A165200BAAB26 /* UIKit.framework */ = {isa = PBXFileReference; lastKnownFileType = wrapper.framework; name = UIKit.framework; path = System/Library/Frameworks/UIKit.framework; sourceTree = SDKROOT; };
		FDA4BCE1172A165200BAAB26 /* Foundation.framework */ = {isa = PBXFileReference; lastKnownFileType = wrapper.framework; name = Foundation.framework; path = System/Library/Frameworks/Foundation.framework; sourceTree = SDKROOT; };
		FDA4BCE3172A165200BAAB26 /* CoreGraphics.framework */ = {isa = PBXFileReference; lastKnownFileType = wrapper.framework; name = CoreGraphics.framework; path = System/Library/Frameworks/CoreGraphics.framework; sourceTree = SDKROOT; };
		FDA4BCE7172A165200BAAB26 /* ClassSchedule-Info.plist */ = {isa = PBXFileReference; lastKnownFileType = text.plist.xml; path = "ClassSchedule-Info.plist"; sourceTree = "<group>"; };
		FDA4BCE9172A165200BAAB26 /* en */ = {isa = PBXFileReference; lastKnownFileType = text.plist.strings; name = en; path = en.lproj/InfoPlist.strings; sourceTree = "<group>"; };
		FDA4BCEB172A165200BAAB26 /* main.m */ = {isa = PBXFileReference; lastKnownFileType = sourcecode.c.objc; path = main.m; sourceTree = "<group>"; };
		FDA4BCED172A165200BAAB26 /* ClassSchedule-Prefix.pch */ = {isa = PBXFileReference; lastKnownFileType = sourcecode.c.h; path = "ClassSchedule-Prefix.pch"; sourceTree = "<group>"; };
		FDA4BCEE172A165200BAAB26 /* AppDelegate.h */ = {isa = PBXFileReference; lastKnownFileType = sourcecode.c.h; path = AppDelegate.h; sourceTree = "<group>"; };
		FDA4BCEF172A165200BAAB26 /* AppDelegate.m */ = {isa = PBXFileReference; lastKnownFileType = sourcecode.c.objc; path = AppDelegate.m; sourceTree = "<group>"; };
		FDA4BCF1172A165200BAAB26 /* Default.png */ = {isa = PBXFileReference; lastKnownFileType = image.png; path = Default.png; sourceTree = "<group>"; };
		FDA4BCF3172A165200BAAB26 /* Default@2x.png */ = {isa = PBXFileReference; lastKnownFileType = image.png; path = "Default@2x.png"; sourceTree = "<group>"; };
		FDA4BCF5172A165200BAAB26 /* Default-568h@2x.png */ = {isa = PBXFileReference; lastKnownFileType = image.png; path = "Default-568h@2x.png"; sourceTree = "<group>"; };
		FDA4BCF8172A165200BAAB26 /* en */ = {isa = PBXFileReference; lastKnownFileType = file.storyboard; name = en; path = en.lproj/MainStoryboard.storyboard; sourceTree = "<group>"; };
		FDD23C5F172A191E00833E28 /* ScheduleTermsTableViewController.h */ = {isa = PBXFileReference; fileEncoding = 4; lastKnownFileType = sourcecode.c.h; path = ScheduleTermsTableViewController.h; sourceTree = "<group>"; };
		FDD23C60172A191E00833E28 /* ScheduleTermsTableViewController.m */ = {isa = PBXFileReference; fileEncoding = 4; lastKnownFileType = sourcecode.c.objc; path = ScheduleTermsTableViewController.m; sourceTree = "<group>"; };
		FDD23C62172A19FA00833E28 /* ScheduleTerm.h */ = {isa = PBXFileReference; fileEncoding = 4; lastKnownFileType = sourcecode.c.h; path = ScheduleTerm.h; sourceTree = "<group>"; };
		FDD23C63172A19FA00833E28 /* ScheduleTerm.m */ = {isa = PBXFileReference; fileEncoding = 4; lastKnownFileType = sourcecode.c.objc; path = ScheduleTerm.m; sourceTree = "<group>"; };
		FDD23C65172A1BAD00833E28 /* ScheduleTermTableViewCell.h */ = {isa = PBXFileReference; fileEncoding = 4; lastKnownFileType = sourcecode.c.h; path = ScheduleTermTableViewCell.h; sourceTree = "<group>"; };
		FDD23C66172A1BAD00833E28 /* ScheduleTermTableViewCell.m */ = {isa = PBXFileReference; fileEncoding = 4; lastKnownFileType = sourcecode.c.objc; path = ScheduleTermTableViewCell.m; sourceTree = "<group>"; };
		FDD23C68172A1FE300833E28 /* NetworkActivityTracker.h */ = {isa = PBXFileReference; fileEncoding = 4; lastKnownFileType = sourcecode.c.h; path = NetworkActivityTracker.h; sourceTree = "<group>"; };
		FDD23C69172A1FE300833E28 /* NetworkActivityTracker.m */ = {isa = PBXFileReference; fileEncoding = 4; lastKnownFileType = sourcecode.c.objc; path = NetworkActivityTracker.m; sourceTree = "<group>"; };
/* End PBXFileReference section */

/* Begin PBXFrameworksBuildPhase section */
		FDA4BCD9172A165200BAAB26 /* Frameworks */ = {
			isa = PBXFrameworksBuildPhase;
			buildActionMask = 2147483647;
			files = (
				FDA4BCE0172A165200BAAB26 /* UIKit.framework in Frameworks */,
				FDA4BCE2172A165200BAAB26 /* Foundation.framework in Frameworks */,
				FDA4BCE4172A165200BAAB26 /* CoreGraphics.framework in Frameworks */,
			);
			runOnlyForDeploymentPostprocessing = 0;
		};
/* End PBXFrameworksBuildPhase section */

/* Begin PBXGroup section */
		FDA4BCD3172A165200BAAB26 = {
			isa = PBXGroup;
			children = (
				FDA4BCE5172A165200BAAB26 /* ClassSchedule */,
				FDA4BCDE172A165200BAAB26 /* Frameworks */,
				FDA4BCDD172A165200BAAB26 /* Products */,
			);
			sourceTree = "<group>";
		};
		FDA4BCDD172A165200BAAB26 /* Products */ = {
			isa = PBXGroup;
			children = (
				FDA4BCDC172A165200BAAB26 /* ClassSchedule.app */,
			);
			name = Products;
			sourceTree = "<group>";
		};
		FDA4BCDE172A165200BAAB26 /* Frameworks */ = {
			isa = PBXGroup;
			children = (
				FDA4BCDF172A165200BAAB26 /* UIKit.framework */,
				FDA4BCE1172A165200BAAB26 /* Foundation.framework */,
				FDA4BCE3172A165200BAAB26 /* CoreGraphics.framework */,
			);
			name = Frameworks;
			sourceTree = "<group>";
		};
		FDA4BCE5172A165200BAAB26 /* ClassSchedule */ = {
			isa = PBXGroup;
			children = (
				FDD23C58172A16FE00833E28 /* Views */,
				FDD23C57172A16F500833E28 /* Controllers */,
				FDD23C56172A16DB00833E28 /* Models */,
				FDA4BCEE172A165200BAAB26 /* AppDelegate.h */,
				FDA4BCEF172A165200BAAB26 /* AppDelegate.m */,
				FDA4BCE6172A165200BAAB26 /* Supporting Files */,
			);
			path = ClassSchedule;
			sourceTree = "<group>";
		};
		FDA4BCE6172A165200BAAB26 /* Supporting Files */ = {
			isa = PBXGroup;
			children = (
				FDA4BCE7172A165200BAAB26 /* ClassSchedule-Info.plist */,
				FDA4BCE8172A165200BAAB26 /* InfoPlist.strings */,
				FDA4BCEB172A165200BAAB26 /* main.m */,
				FDA4BCED172A165200BAAB26 /* ClassSchedule-Prefix.pch */,
				FDA4BCF1172A165200BAAB26 /* Default.png */,
				FDA4BCF3172A165200BAAB26 /* Default@2x.png */,
				FDA4BCF5172A165200BAAB26 /* Default-568h@2x.png */,
			);
			name = "Supporting Files";
			sourceTree = "<group>";
		};
		FDD23C56172A16DB00833E28 /* Models */ = {
			isa = PBXGroup;
			children = (
				FDD23C68172A1FE300833E28 /* NetworkActivityTracker.h */,
				FDD23C69172A1FE300833E28 /* NetworkActivityTracker.m */,
				FDD23C62172A19FA00833E28 /* ScheduleTerm.h */,
				FDD23C63172A19FA00833E28 /* ScheduleTerm.m */,
			);
			name = Models;
			sourceTree = "<group>";
		};
		FDD23C57172A16F500833E28 /* Controllers */ = {
			isa = PBXGroup;
			children = (
				FDD23C5B172A17EC00833E28 /* Profile */,
				FDD23C5A172A17E500833E28 /* Cart */,
				FDD23C59172A17DE00833E28 /* Schedule */,
			);
			name = Controllers;
			sourceTree = "<group>";
		};
		FDD23C58172A16FE00833E28 /* Views */ = {
			isa = PBXGroup;
			children = (
				FDA4BCF7172A165200BAAB26 /* MainStoryboard.storyboard */,
				FDD23C65172A1BAD00833E28 /* ScheduleTermTableViewCell.h */,
				FDD23C66172A1BAD00833E28 /* ScheduleTermTableViewCell.m */,
			);
			name = Views;
			sourceTree = "<group>";
		};
		FDD23C59172A17DE00833E28 /* Schedule */ = {
			isa = PBXGroup;
			children = (
				FDD23C5F172A191E00833E28 /* ScheduleTermsTableViewController.h */,
				FDD23C60172A191E00833E28 /* ScheduleTermsTableViewController.m */,
			);
			name = Schedule;
			sourceTree = "<group>";
		};
		FDD23C5A172A17E500833E28 /* Cart */ = {
			isa = PBXGroup;
			children = (
			);
			name = Cart;
			sourceTree = "<group>";
		};
		FDD23C5B172A17EC00833E28 /* Profile */ = {
			isa = PBXGroup;
			children = (
			);
			name = Profile;
			sourceTree = "<group>";
		};
/* End PBXGroup section */

/* Begin PBXNativeTarget section */
		FDA4BCDB172A165200BAAB26 /* ClassSchedule */ = {
			isa = PBXNativeTarget;
			buildConfigurationList = FDA4BCFF172A165200BAAB26 /* Build configuration list for PBXNativeTarget "ClassSchedule" */;
			buildPhases = (
				FDA4BCD8172A165200BAAB26 /* Sources */,
				FDA4BCD9172A165200BAAB26 /* Frameworks */,
				FDA4BCDA172A165200BAAB26 /* Resources */,
			);
			buildRules = (
			);
			dependencies = (
			);
			name = ClassSchedule;
			productName = ClassSchedule;
			productReference = FDA4BCDC172A165200BAAB26 /* ClassSchedule.app */;
			productType = "com.apple.product-type.application";
		};
/* End PBXNativeTarget section */

/* Begin PBXProject section */
		FDA4BCD4172A165200BAAB26 /* Project object */ = {
			isa = PBXProject;
			attributes = {
				LastUpgradeCheck = 0460;
				ORGANIZATIONNAME = "Paul Weatherby";
			};
			buildConfigurationList = FDA4BCD7172A165200BAAB26 /* Build configuration list for PBXProject "ClassSchedule" */;
			compatibilityVersion = "Xcode 3.2";
			developmentRegion = English;
			hasScannedForEncodings = 0;
			knownRegions = (
				en,
			);
			mainGroup = FDA4BCD3172A165200BAAB26;
			productRefGroup = FDA4BCDD172A165200BAAB26 /* Products */;
			projectDirPath = "";
			projectRoot = "";
			targets = (
				FDA4BCDB172A165200BAAB26 /* ClassSchedule */,
			);
		};
/* End PBXProject section */

/* Begin PBXResourcesBuildPhase section */
		FDA4BCDA172A165200BAAB26 /* Resources */ = {
			isa = PBXResourcesBuildPhase;
			buildActionMask = 2147483647;
			files = (
				FDA4BCEA172A165200BAAB26 /* InfoPlist.strings in Resources */,
				FDA4BCF2172A165200BAAB26 /* Default.png in Resources */,
				FDA4BCF4172A165200BAAB26 /* Default@2x.png in Resources */,
				FDA4BCF6172A165200BAAB26 /* Default-568h@2x.png in Resources */,
				FDA4BCF9172A165200BAAB26 /* MainStoryboard.storyboard in Resources */,
			);
			runOnlyForDeploymentPostprocessing = 0;
		};
/* End PBXResourcesBuildPhase section */

/* Begin PBXSourcesBuildPhase section */
		FDA4BCD8172A165200BAAB26 /* Sources */ = {
			isa = PBXSourcesBuildPhase;
			buildActionMask = 2147483647;
			files = (
				FDA4BCEC172A165200BAAB26 /* main.m in Sources */,
				FDA4BCF0172A165200BAAB26 /* AppDelegate.m in Sources */,
				FDD23C61172A191E00833E28 /* ScheduleTermsTableViewController.m in Sources */,
				FDD23C64172A19FA00833E28 /* ScheduleTerm.m in Sources */,
				FDD23C67172A1BAD00833E28 /* ScheduleTermTableViewCell.m in Sources */,
				FDD23C6A172A1FE300833E28 /* NetworkActivityTracker.m in Sources */,
			);
			runOnlyForDeploymentPostprocessing = 0;
		};
/* End PBXSourcesBuildPhase section */

/* Begin PBXVariantGroup section */
		FDA4BCE8172A165200BAAB26 /* InfoPlist.strings */ = {
			isa = PBXVariantGroup;
			children = (
				FDA4BCE9172A165200BAAB26 /* en */,
			);
			name = InfoPlist.strings;
			sourceTree = "<group>";
		};
		FDA4BCF7172A165200BAAB26 /* MainStoryboard.storyboard */ = {
			isa = PBXVariantGroup;
			children = (
				FDA4BCF8172A165200BAAB26 /* en */,
			);
			name = MainStoryboard.storyboard;
			sourceTree = "<group>";
		};
/* End PBXVariantGroup section */

/* Begin XCBuildConfiguration section */
		FDA4BCFD172A165200BAAB26 /* Debug */ = {
			isa = XCBuildConfiguration;
			buildSettings = {
				ALWAYS_SEARCH_USER_PATHS = NO;
				CLANG_CXX_LANGUAGE_STANDARD = "gnu++0x";
				CLANG_CXX_LIBRARY = "libc++";
				CLANG_ENABLE_OBJC_ARC = YES;
				CLANG_WARN_CONSTANT_CONVERSION = YES;
				CLANG_WARN_EMPTY_BODY = YES;
				CLANG_WARN_ENUM_CONVERSION = YES;
				CLANG_WARN_INT_CONVERSION = YES;
				CLANG_WARN__DUPLICATE_METHOD_MATCH = YES;
				"CODE_SIGN_IDENTITY[sdk=iphoneos*]" = "iPhone Developer";
				COPY_PHASE_STRIP = NO;
				GCC_C_LANGUAGE_STANDARD = gnu99;
				GCC_DYNAMIC_NO_PIC = NO;
				GCC_OPTIMIZATION_LEVEL = 0;
				GCC_PREPROCESSOR_DEFINITIONS = (
					"DEBUG=1",
					"$(inherited)",
				);
				GCC_SYMBOLS_PRIVATE_EXTERN = NO;
				GCC_WARN_ABOUT_RETURN_TYPE = YES;
				GCC_WARN_UNINITIALIZED_AUTOS = YES;
				GCC_WARN_UNUSED_VARIABLE = YES;
				IPHONEOS_DEPLOYMENT_TARGET = 6.1;
				ONLY_ACTIVE_ARCH = YES;
				SDKROOT = iphoneos;
			};
			name = Debug;
		};
		FDA4BCFE172A165200BAAB26 /* Release */ = {
			isa = XCBuildConfiguration;
			buildSettings = {
				ALWAYS_SEARCH_USER_PATHS = NO;
				CLANG_CXX_LANGUAGE_STANDARD = "gnu++0x";
				CLANG_CXX_LIBRARY = "libc++";
				CLANG_ENABLE_OBJC_ARC = YES;
				CLANG_WARN_CONSTANT_CONVERSION = YES;
				CLANG_WARN_EMPTY_BODY = YES;
				CLANG_WARN_ENUM_CONVERSION = YES;
				CLANG_WARN_INT_CONVERSION = YES;
				CLANG_WARN__DUPLICATE_METHOD_MATCH = YES;
				"CODE_SIGN_IDENTITY[sdk=iphoneos*]" = "iPhone Developer";
				COPY_PHASE_STRIP = YES;
				GCC_C_LANGUAGE_STANDARD = gnu99;
				GCC_WARN_ABOUT_RETURN_TYPE = YES;
				GCC_WARN_UNINITIALIZED_AUTOS = YES;
				GCC_WARN_UNUSED_VARIABLE = YES;
				IPHONEOS_DEPLOYMENT_TARGET = 6.1;
				OTHER_CFLAGS = "-DNS_BLOCK_ASSERTIONS=1";
				SDKROOT = iphoneos;
				VALIDATE_PRODUCT = YES;
			};
			name = Release;
		};
		FDA4BD00172A165200BAAB26 /* Debug */ = {
			isa = XCBuildConfiguration;
			buildSettings = {
				GCC_PRECOMPILE_PREFIX_HEADER = YES;
				GCC_PREFIX_HEADER = "ClassSchedule/ClassSchedule-Prefix.pch";
				INFOPLIST_FILE = "ClassSchedule/ClassSchedule-Info.plist";
				PRODUCT_NAME = "$(TARGET_NAME)";
				WRAPPER_EXTENSION = app;
			};
			name = Debug;
		};
		FDA4BD01172A165200BAAB26 /* Release */ = {
			isa = XCBuildConfiguration;
			buildSettings = {
				GCC_PRECOMPILE_PREFIX_HEADER = YES;
				GCC_PREFIX_HEADER = "ClassSchedule/ClassSchedule-Prefix.pch";
				INFOPLIST_FILE = "ClassSchedule/ClassSchedule-Info.plist";
				PRODUCT_NAME = "$(TARGET_NAME)";
				WRAPPER_EXTENSION = app;
			};
			name = Release;
		};
/* End XCBuildConfiguration section */

/* Begin XCConfigurationList section */
		FDA4BCD7172A165200BAAB26 /* Build configuration list for PBXProject "ClassSchedule" */ = {
			isa = XCConfigurationList;
			buildConfigurations = (
				FDA4BCFD172A165200BAAB26 /* Debug */,
				FDA4BCFE172A165200BAAB26 /* Release */,
			);
			defaultConfigurationIsVisible = 0;
			defaultConfigurationName = Release;
		};
		FDA4BCFF172A165200BAAB26 /* Build configuration list for PBXNativeTarget "ClassSchedule" */ = {
			isa = XCConfigurationList;
			buildConfigurations = (
				FDA4BD00172A165200BAAB26 /* Debug */,
				FDA4BD01172A165200BAAB26 /* Release */,
			);
			defaultConfigurationIsVisible = 0;
			defaultConfigurationName = Release;
		};
/* End XCConfigurationList section */
	};
	rootObject = FDA4BCD4172A165200BAAB26 /* Project object */;
}
